// !$*UTF8*$!
{
	archiveVersion = 1;
	classes = {
	};
	objectVersion = 51;
	objects = {

/* Begin PBXBuildFile section */
		0028DCCA4AF6B0D98662E3B9 /* Pods_ParstagramTests.framework in Frameworks */ = {isa = PBXBuildFile; fileRef = 63D6CB1C88F2F75C0487B8F4 /* Pods_ParstagramTests.framework */; };
		D014D1B6D4A57CE39E94AC87 /* Pods_Parstagram.framework in Frameworks */ = {isa = PBXBuildFile; fileRef = 0BE832665C69C3A99AC9C134 /* Pods_Parstagram.framework */; };
		EF20600D25FFCDA200E087D4 /* AppDelegate.swift in Sources */ = {isa = PBXBuildFile; fileRef = EF20600C25FFCDA200E087D4 /* AppDelegate.swift */; };
		EF20600F25FFCDA200E087D4 /* SceneDelegate.swift in Sources */ = {isa = PBXBuildFile; fileRef = EF20600E25FFCDA200E087D4 /* SceneDelegate.swift */; };
		EF20601425FFCDA200E087D4 /* Main.storyboard in Resources */ = {isa = PBXBuildFile; fileRef = EF20601225FFCDA200E087D4 /* Main.storyboard */; };
		EF20601625FFCDA600E087D4 /* Assets.xcassets in Resources */ = {isa = PBXBuildFile; fileRef = EF20601525FFCDA600E087D4 /* Assets.xcassets */; };
		EF20601925FFCDA600E087D4 /* LaunchScreen.storyboard in Resources */ = {isa = PBXBuildFile; fileRef = EF20601725FFCDA600E087D4 /* LaunchScreen.storyboard */; };
		EF20602425FFCDA600E087D4 /* ParstagramTests.swift in Sources */ = {isa = PBXBuildFile; fileRef = EF20602325FFCDA600E087D4 /* ParstagramTests.swift */; };
		EF20602F25FFCDA600E087D4 /* ParstagramUITests.swift in Sources */ = {isa = PBXBuildFile; fileRef = EF20602E25FFCDA600E087D4 /* ParstagramUITests.swift */; };
		EF474EF9260277A10044056E /* LoginViewController.swift in Sources */ = {isa = PBXBuildFile; fileRef = EF474EF8260277A10044056E /* LoginViewController.swift */; };
		EF474EFE260277BF0044056E /* FeedViewController.swift in Sources */ = {isa = PBXBuildFile; fileRef = EF474EFD260277BF0044056E /* FeedViewController.swift */; };
		EF474F0626029D920044056E /* CameraViewController.swift in Sources */ = {isa = PBXBuildFile; fileRef = EF474F0526029D920044056E /* CameraViewController.swift */; };
		EF4D619E2603ACC000197792 /* PostCell.swift in Sources */ = {isa = PBXBuildFile; fileRef = EF4D619D2603ACC000197792 /* PostCell.swift */; };
		F10305C43827C18E154761D4 /* Pods_Parstagram_ParstagramUITests.framework in Frameworks */ = {isa = PBXBuildFile; fileRef = 2918D2E1FF6093C706D2EC19 /* Pods_Parstagram_ParstagramUITests.framework */; };
/* End PBXBuildFile section */

/* Begin PBXContainerItemProxy section */
		EF20602025FFCDA600E087D4 /* PBXContainerItemProxy */ = {
			isa = PBXContainerItemProxy;
			containerPortal = EF20600125FFCDA200E087D4 /* Project object */;
			proxyType = 1;
			remoteGlobalIDString = EF20600825FFCDA200E087D4;
			remoteInfo = Parstagram;
		};
		EF20602B25FFCDA600E087D4 /* PBXContainerItemProxy */ = {
			isa = PBXContainerItemProxy;
			containerPortal = EF20600125FFCDA200E087D4 /* Project object */;
			proxyType = 1;
			remoteGlobalIDString = EF20600825FFCDA200E087D4;
			remoteInfo = Parstagram;
		};
/* End PBXContainerItemProxy section */

/* Begin PBXFileReference section */
		0BE832665C69C3A99AC9C134 /* Pods_Parstagram.framework */ = {isa = PBXFileReference; explicitFileType = wrapper.framework; includeInIndex = 0; path = Pods_Parstagram.framework; sourceTree = BUILT_PRODUCTS_DIR; };
		2464C3DDF87781CCC7D8DA18 /* Pods-Parstagram-ParstagramUITests.debug.xcconfig */ = {isa = PBXFileReference; includeInIndex = 1; lastKnownFileType = text.xcconfig; name = "Pods-Parstagram-ParstagramUITests.debug.xcconfig"; path = "Target Support Files/Pods-Parstagram-ParstagramUITests/Pods-Parstagram-ParstagramUITests.debug.xcconfig"; sourceTree = "<group>"; };
		2918D2E1FF6093C706D2EC19 /* Pods_Parstagram_ParstagramUITests.framework */ = {isa = PBXFileReference; explicitFileType = wrapper.framework; includeInIndex = 0; path = Pods_Parstagram_ParstagramUITests.framework; sourceTree = BUILT_PRODUCTS_DIR; };
		367D6F1B17A541D379EA8D80 /* Pods-Parstagram.debug.xcconfig */ = {isa = PBXFileReference; includeInIndex = 1; lastKnownFileType = text.xcconfig; name = "Pods-Parstagram.debug.xcconfig"; path = "Target Support Files/Pods-Parstagram/Pods-Parstagram.debug.xcconfig"; sourceTree = "<group>"; };
		36EE2BC54D937967E0DA424B /* Pods-Parstagram-ParstagramUITests.release.xcconfig */ = {isa = PBXFileReference; includeInIndex = 1; lastKnownFileType = text.xcconfig; name = "Pods-Parstagram-ParstagramUITests.release.xcconfig"; path = "Target Support Files/Pods-Parstagram-ParstagramUITests/Pods-Parstagram-ParstagramUITests.release.xcconfig"; sourceTree = "<group>"; };
		5D9AF511ED6F27B0F3F347A1 /* Pods-ParstagramTests.debug.xcconfig */ = {isa = PBXFileReference; includeInIndex = 1; lastKnownFileType = text.xcconfig; name = "Pods-ParstagramTests.debug.xcconfig"; path = "Target Support Files/Pods-ParstagramTests/Pods-ParstagramTests.debug.xcconfig"; sourceTree = "<group>"; };
		63D6CB1C88F2F75C0487B8F4 /* Pods_ParstagramTests.framework */ = {isa = PBXFileReference; explicitFileType = wrapper.framework; includeInIndex = 0; path = Pods_ParstagramTests.framework; sourceTree = BUILT_PRODUCTS_DIR; };
		702D0CB08F8F8100AD4D1B05 /* Pods-ParstagramTests.release.xcconfig */ = {isa = PBXFileReference; includeInIndex = 1; lastKnownFileType = text.xcconfig; name = "Pods-ParstagramTests.release.xcconfig"; path = "Target Support Files/Pods-ParstagramTests/Pods-ParstagramTests.release.xcconfig"; sourceTree = "<group>"; };
		7FA7522B7B5B799867FCF436 /* Pods-Parstagram.release.xcconfig */ = {isa = PBXFileReference; includeInIndex = 1; lastKnownFileType = text.xcconfig; name = "Pods-Parstagram.release.xcconfig"; path = "Target Support Files/Pods-Parstagram/Pods-Parstagram.release.xcconfig"; sourceTree = "<group>"; };
		EF20600925FFCDA200E087D4 /* Parstagram.app */ = {isa = PBXFileReference; explicitFileType = wrapper.application; includeInIndex = 0; path = Parstagram.app; sourceTree = BUILT_PRODUCTS_DIR; };
		EF20600C25FFCDA200E087D4 /* AppDelegate.swift */ = {isa = PBXFileReference; lastKnownFileType = sourcecode.swift; path = AppDelegate.swift; sourceTree = "<group>"; };
		EF20600E25FFCDA200E087D4 /* SceneDelegate.swift */ = {isa = PBXFileReference; lastKnownFileType = sourcecode.swift; path = SceneDelegate.swift; sourceTree = "<group>"; };
		EF20601325FFCDA200E087D4 /* Base */ = {isa = PBXFileReference; lastKnownFileType = file.storyboard; name = Base; path = Base.lproj/Main.storyboard; sourceTree = "<group>"; };
		EF20601525FFCDA600E087D4 /* Assets.xcassets */ = {isa = PBXFileReference; lastKnownFileType = folder.assetcatalog; path = Assets.xcassets; sourceTree = "<group>"; };
		EF20601825FFCDA600E087D4 /* Base */ = {isa = PBXFileReference; lastKnownFileType = file.storyboard; name = Base; path = Base.lproj/LaunchScreen.storyboard; sourceTree = "<group>"; };
		EF20601A25FFCDA600E087D4 /* Info.plist */ = {isa = PBXFileReference; lastKnownFileType = text.plist.xml; path = Info.plist; sourceTree = "<group>"; };
		EF20601F25FFCDA600E087D4 /* ParstagramTests.xctest */ = {isa = PBXFileReference; explicitFileType = wrapper.cfbundle; includeInIndex = 0; path = ParstagramTests.xctest; sourceTree = BUILT_PRODUCTS_DIR; };
		EF20602325FFCDA600E087D4 /* ParstagramTests.swift */ = {isa = PBXFileReference; lastKnownFileType = sourcecode.swift; path = ParstagramTests.swift; sourceTree = "<group>"; };
		EF20602525FFCDA600E087D4 /* Info.plist */ = {isa = PBXFileReference; lastKnownFileType = text.plist.xml; path = Info.plist; sourceTree = "<group>"; };
		EF20602A25FFCDA600E087D4 /* ParstagramUITests.xctest */ = {isa = PBXFileReference; explicitFileType = wrapper.cfbundle; includeInIndex = 0; path = ParstagramUITests.xctest; sourceTree = BUILT_PRODUCTS_DIR; };
		EF20602E25FFCDA600E087D4 /* ParstagramUITests.swift */ = {isa = PBXFileReference; lastKnownFileType = sourcecode.swift; path = ParstagramUITests.swift; sourceTree = "<group>"; };
		EF20603025FFCDA600E087D4 /* Info.plist */ = {isa = PBXFileReference; lastKnownFileType = text.plist.xml; path = Info.plist; sourceTree = "<group>"; };
		EF474EF8260277A10044056E /* LoginViewController.swift */ = {isa = PBXFileReference; lastKnownFileType = sourcecode.swift; path = LoginViewController.swift; sourceTree = "<group>"; };
		EF474EFD260277BF0044056E /* FeedViewController.swift */ = {isa = PBXFileReference; lastKnownFileType = sourcecode.swift; path = FeedViewController.swift; sourceTree = "<group>"; };
		EF474F0526029D920044056E /* CameraViewController.swift */ = {isa = PBXFileReference; lastKnownFileType = sourcecode.swift; path = CameraViewController.swift; sourceTree = "<group>"; };
		EF4D619D2603ACC000197792 /* PostCell.swift */ = {isa = PBXFileReference; lastKnownFileType = sourcecode.swift; path = PostCell.swift; sourceTree = "<group>"; };
/* End PBXFileReference section */

/* Begin PBXFrameworksBuildPhase section */
		EF20600625FFCDA200E087D4 /* Frameworks */ = {
			isa = PBXFrameworksBuildPhase;
			buildActionMask = 2147483647;
			files = (
				D014D1B6D4A57CE39E94AC87 /* Pods_Parstagram.framework in Frameworks */,
			);
			runOnlyForDeploymentPostprocessing = 0;
		};
		EF20601C25FFCDA600E087D4 /* Frameworks */ = {
			isa = PBXFrameworksBuildPhase;
			buildActionMask = 2147483647;
			files = (
				0028DCCA4AF6B0D98662E3B9 /* Pods_ParstagramTests.framework in Frameworks */,
			);
			runOnlyForDeploymentPostprocessing = 0;
		};
		EF20602725FFCDA600E087D4 /* Frameworks */ = {
			isa = PBXFrameworksBuildPhase;
			buildActionMask = 2147483647;
			files = (
				F10305C43827C18E154761D4 /* Pods_Parstagram_ParstagramUITests.framework in Frameworks */,
			);
			runOnlyForDeploymentPostprocessing = 0;
		};
/* End PBXFrameworksBuildPhase section */

/* Begin PBXGroup section */
		981AE52D30A366926601EE7A /* Frameworks */ = {
			isa = PBXGroup;
			children = (
				0BE832665C69C3A99AC9C134 /* Pods_Parstagram.framework */,
				2918D2E1FF6093C706D2EC19 /* Pods_Parstagram_ParstagramUITests.framework */,
				63D6CB1C88F2F75C0487B8F4 /* Pods_ParstagramTests.framework */,
			);
			name = Frameworks;
			sourceTree = "<group>";
		};
		C41DE5BA1BA95432760982D7 /* Pods */ = {
			isa = PBXGroup;
			children = (
				367D6F1B17A541D379EA8D80 /* Pods-Parstagram.debug.xcconfig */,
				7FA7522B7B5B799867FCF436 /* Pods-Parstagram.release.xcconfig */,
				2464C3DDF87781CCC7D8DA18 /* Pods-Parstagram-ParstagramUITests.debug.xcconfig */,
				36EE2BC54D937967E0DA424B /* Pods-Parstagram-ParstagramUITests.release.xcconfig */,
				5D9AF511ED6F27B0F3F347A1 /* Pods-ParstagramTests.debug.xcconfig */,
				702D0CB08F8F8100AD4D1B05 /* Pods-ParstagramTests.release.xcconfig */,
			);
			path = Pods;
			sourceTree = "<group>";
		};
		EF20600025FFCDA200E087D4 = {
			isa = PBXGroup;
			children = (
				EF20600B25FFCDA200E087D4 /* Parstagram */,
				EF20602225FFCDA600E087D4 /* ParstagramTests */,
				EF20602D25FFCDA600E087D4 /* ParstagramUITests */,
				EF20600A25FFCDA200E087D4 /* Products */,
				C41DE5BA1BA95432760982D7 /* Pods */,
				981AE52D30A366926601EE7A /* Frameworks */,
			);
			sourceTree = "<group>";
		};
		EF20600A25FFCDA200E087D4 /* Products */ = {
			isa = PBXGroup;
			children = (
				EF20600925FFCDA200E087D4 /* Parstagram.app */,
				EF20601F25FFCDA600E087D4 /* ParstagramTests.xctest */,
				EF20602A25FFCDA600E087D4 /* ParstagramUITests.xctest */,
			);
			name = Products;
			sourceTree = "<group>";
		};
		EF20600B25FFCDA200E087D4 /* Parstagram */ = {
			isa = PBXGroup;
			children = (
				EF20600C25FFCDA200E087D4 /* AppDelegate.swift */,
				EF20600E25FFCDA200E087D4 /* SceneDelegate.swift */,
				EF20601225FFCDA200E087D4 /* Main.storyboard */,
				EF20601525FFCDA600E087D4 /* Assets.xcassets */,
				EF20601725FFCDA600E087D4 /* LaunchScreen.storyboard */,
				EF20601A25FFCDA600E087D4 /* Info.plist */,
				EF474EF8260277A10044056E /* LoginViewController.swift */,
				EF474EFD260277BF0044056E /* FeedViewController.swift */,
				EF474F0526029D920044056E /* CameraViewController.swift */,
				EF4D619D2603ACC000197792 /* PostCell.swift */,
			);
			path = Parstagram;
			sourceTree = "<group>";
		};
		EF20602225FFCDA600E087D4 /* ParstagramTests */ = {
			isa = PBXGroup;
			children = (
				EF20602325FFCDA600E087D4 /* ParstagramTests.swift */,
				EF20602525FFCDA600E087D4 /* Info.plist */,
			);
			path = ParstagramTests;
			sourceTree = "<group>";
		};
		EF20602D25FFCDA600E087D4 /* ParstagramUITests */ = {
			isa = PBXGroup;
			children = (
				EF20602E25FFCDA600E087D4 /* ParstagramUITests.swift */,
				EF20603025FFCDA600E087D4 /* Info.plist */,
			);
			path = ParstagramUITests;
			sourceTree = "<group>";
		};
/* End PBXGroup section */

/* Begin PBXNativeTarget section */
		EF20600825FFCDA200E087D4 /* Parstagram */ = {
			isa = PBXNativeTarget;
			buildConfigurationList = EF20603325FFCDA600E087D4 /* Build configuration list for PBXNativeTarget "Parstagram" */;
			buildPhases = (
				73DCC430E52A7F3F69570087 /* [CP] Check Pods Manifest.lock */,
				EF20600525FFCDA200E087D4 /* Sources */,
				EF20600625FFCDA200E087D4 /* Frameworks */,
				EF20600725FFCDA200E087D4 /* Resources */,
				D2F48A2D4EBC3AF2041382AC /* [CP] Embed Pods Frameworks */,
			);
			buildRules = (
			);
			dependencies = (
			);
			name = Parstagram;
			productName = Parstagram;
			productReference = EF20600925FFCDA200E087D4 /* Parstagram.app */;
			productType = "com.apple.product-type.application";
		};
		EF20601E25FFCDA600E087D4 /* ParstagramTests */ = {
			isa = PBXNativeTarget;
			buildConfigurationList = EF20603625FFCDA600E087D4 /* Build configuration list for PBXNativeTarget "ParstagramTests" */;
			buildPhases = (
				D2B53D69A7FE19E54FCC6488 /* [CP] Check Pods Manifest.lock */,
				EF20601B25FFCDA600E087D4 /* Sources */,
				EF20601C25FFCDA600E087D4 /* Frameworks */,
				EF20601D25FFCDA600E087D4 /* Resources */,
			);
			buildRules = (
			);
			dependencies = (
				EF20602125FFCDA600E087D4 /* PBXTargetDependency */,
			);
			name = ParstagramTests;
			productName = ParstagramTests;
			productReference = EF20601F25FFCDA600E087D4 /* ParstagramTests.xctest */;
			productType = "com.apple.product-type.bundle.unit-test";
		};
		EF20602925FFCDA600E087D4 /* ParstagramUITests */ = {
			isa = PBXNativeTarget;
			buildConfigurationList = EF20603925FFCDA600E087D4 /* Build configuration list for PBXNativeTarget "ParstagramUITests" */;
			buildPhases = (
				6D8E78B28747E1E1EA67380E /* [CP] Check Pods Manifest.lock */,
				EF20602625FFCDA600E087D4 /* Sources */,
				EF20602725FFCDA600E087D4 /* Frameworks */,
				EF20602825FFCDA600E087D4 /* Resources */,
				44D11F71C57523AD610A982A /* [CP] Embed Pods Frameworks */,
			);
			buildRules = (
			);
			dependencies = (
				EF20602C25FFCDA600E087D4 /* PBXTargetDependency */,
			);
			name = ParstagramUITests;
			productName = ParstagramUITests;
			productReference = EF20602A25FFCDA600E087D4 /* ParstagramUITests.xctest */;
			productType = "com.apple.product-type.bundle.ui-testing";
		};
/* End PBXNativeTarget section */

/* Begin PBXProject section */
		EF20600125FFCDA200E087D4 /* Project object */ = {
			isa = PBXProject;
			attributes = {
				LastSwiftUpdateCheck = 1230;
				LastUpgradeCheck = 1230;
				TargetAttributes = {
					EF20600825FFCDA200E087D4 = {
						CreatedOnToolsVersion = 12.3;
					};
					EF20601E25FFCDA600E087D4 = {
						CreatedOnToolsVersion = 12.3;
						TestTargetID = EF20600825FFCDA200E087D4;
					};
					EF20602925FFCDA600E087D4 = {
						CreatedOnToolsVersion = 12.3;
						TestTargetID = EF20600825FFCDA200E087D4;
					};
				};
			};
			buildConfigurationList = EF20600425FFCDA200E087D4 /* Build configuration list for PBXProject "Parstagram" */;
			compatibilityVersion = "Xcode 9.3";
			developmentRegion = en;
			hasScannedForEncodings = 0;
			knownRegions = (
				en,
				Base,
			);
			mainGroup = EF20600025FFCDA200E087D4;
			productRefGroup = EF20600A25FFCDA200E087D4 /* Products */;
			projectDirPath = "";
			projectRoot = "";
			targets = (
				EF20600825FFCDA200E087D4 /* Parstagram */,
				EF20601E25FFCDA600E087D4 /* ParstagramTests */,
				EF20602925FFCDA600E087D4 /* ParstagramUITests */,
			);
		};
/* End PBXProject section */

/* Begin PBXResourcesBuildPhase section */
		EF20600725FFCDA200E087D4 /* Resources */ = {
			isa = PBXResourcesBuildPhase;
			buildActionMask = 2147483647;
			files = (
				EF20601925FFCDA600E087D4 /* LaunchScreen.storyboard in Resources */,
				EF20601625FFCDA600E087D4 /* Assets.xcassets in Resources */,
				EF20601425FFCDA200E087D4 /* Main.storyboard in Resources */,
			);
			runOnlyForDeploymentPostprocessing = 0;
		};
		EF20601D25FFCDA600E087D4 /* Resources */ = {
			isa = PBXResourcesBuildPhase;
			buildActionMask = 2147483647;
			files = (
			);
			runOnlyForDeploymentPostprocessing = 0;
		};
		EF20602825FFCDA600E087D4 /* Resources */ = {
			isa = PBXResourcesBuildPhase;
			buildActionMask = 2147483647;
			files = (
			);
			runOnlyForDeploymentPostprocessing = 0;
		};
/* End PBXResourcesBuildPhase section */

/* Begin PBXShellScriptBuildPhase section */
		44D11F71C57523AD610A982A /* [CP] Embed Pods Frameworks */ = {
			isa = PBXShellScriptBuildPhase;
			buildActionMask = 2147483647;
			files = (
			);
			inputFileListPaths = (
				"${PODS_ROOT}/Target Support Files/Pods-Parstagram-ParstagramUITests/Pods-Parstagram-ParstagramUITests-frameworks-${CONFIGURATION}-input-files.xcfilelist",
			);
			name = "[CP] Embed Pods Frameworks";
			outputFileListPaths = (
				"${PODS_ROOT}/Target Support Files/Pods-Parstagram-ParstagramUITests/Pods-Parstagram-ParstagramUITests-frameworks-${CONFIGURATION}-output-files.xcfilelist",
			);
			runOnlyForDeploymentPostprocessing = 0;
			shellPath = /bin/sh;
			shellScript = "\"${PODS_ROOT}/Target Support Files/Pods-Parstagram-ParstagramUITests/Pods-Parstagram-ParstagramUITests-frameworks.sh\"\n";
			showEnvVarsInLog = 0;
		};
		6D8E78B28747E1E1EA67380E /* [CP] Check Pods Manifest.lock */ = {
			isa = PBXShellScriptBuildPhase;
			buildActionMask = 2147483647;
			files = (
			);
			inputFileListPaths = (
			);
			inputPaths = (
				"${PODS_PODFILE_DIR_PATH}/Podfile.lock",
				"${PODS_ROOT}/Manifest.lock",
			);
			name = "[CP] Check Pods Manifest.lock";
			outputFileListPaths = (
			);
			outputPaths = (
				"$(DERIVED_FILE_DIR)/Pods-Parstagram-ParstagramUITests-checkManifestLockResult.txt",
			);
			runOnlyForDeploymentPostprocessing = 0;
			shellPath = /bin/sh;
			shellScript = "diff \"${PODS_PODFILE_DIR_PATH}/Podfile.lock\" \"${PODS_ROOT}/Manifest.lock\" > /dev/null\nif [ $? != 0 ] ; then\n    # print error to STDERR\n    echo \"error: The sandbox is not in sync with the Podfile.lock. Run 'pod install' or update your CocoaPods installation.\" >&2\n    exit 1\nfi\n# This output is used by Xcode 'outputs' to avoid re-running this script phase.\necho \"SUCCESS\" > \"${SCRIPT_OUTPUT_FILE_0}\"\n";
			showEnvVarsInLog = 0;
		};
		73DCC430E52A7F3F69570087 /* [CP] Check Pods Manifest.lock */ = {
			isa = PBXShellScriptBuildPhase;
			buildActionMask = 2147483647;
			files = (
			);
			inputFileListPaths = (
			);
			inputPaths = (
				"${PODS_PODFILE_DIR_PATH}/Podfile.lock",
				"${PODS_ROOT}/Manifest.lock",
			);
			name = "[CP] Check Pods Manifest.lock";
			outputFileListPaths = (
			);
			outputPaths = (
				"$(DERIVED_FILE_DIR)/Pods-Parstagram-checkManifestLockResult.txt",
			);
			runOnlyForDeploymentPostprocessing = 0;
			shellPath = /bin/sh;
			shellScript = "diff \"${PODS_PODFILE_DIR_PATH}/Podfile.lock\" \"${PODS_ROOT}/Manifest.lock\" > /dev/null\nif [ $? != 0 ] ; then\n    # print error to STDERR\n    echo \"error: The sandbox is not in sync with the Podfile.lock. Run 'pod install' or update your CocoaPods installation.\" >&2\n    exit 1\nfi\n# This output is used by Xcode 'outputs' to avoid re-running this script phase.\necho \"SUCCESS\" > \"${SCRIPT_OUTPUT_FILE_0}\"\n";
			showEnvVarsInLog = 0;
		};
		D2B53D69A7FE19E54FCC6488 /* [CP] Check Pods Manifest.lock */ = {
			isa = PBXShellScriptBuildPhase;
			buildActionMask = 2147483647;
			files = (
			);
			inputFileListPaths = (
			);
			inputPaths = (
				"${PODS_PODFILE_DIR_PATH}/Podfile.lock",
				"${PODS_ROOT}/Manifest.lock",
			);
			name = "[CP] Check Pods Manifest.lock";
			outputFileListPaths = (
			);
			outputPaths = (
				"$(DERIVED_FILE_DIR)/Pods-ParstagramTests-checkManifestLockResult.txt",
			);
			runOnlyForDeploymentPostprocessing = 0;
			shellPath = /bin/sh;
			shellScript = "diff \"${PODS_PODFILE_DIR_PATH}/Podfile.lock\" \"${PODS_ROOT}/Manifest.lock\" > /dev/null\nif [ $? != 0 ] ; then\n    # print error to STDERR\n    echo \"error: The sandbox is not in sync with the Podfile.lock. Run 'pod install' or update your CocoaPods installation.\" >&2\n    exit 1\nfi\n# This output is used by Xcode 'outputs' to avoid re-running this script phase.\necho \"SUCCESS\" > \"${SCRIPT_OUTPUT_FILE_0}\"\n";
			showEnvVarsInLog = 0;
		};
		D2F48A2D4EBC3AF2041382AC /* [CP] Embed Pods Frameworks */ = {
			isa = PBXShellScriptBuildPhase;
			buildActionMask = 2147483647;
			files = (
			);
			inputFileListPaths = (
				"${PODS_ROOT}/Target Support Files/Pods-Parstagram/Pods-Parstagram-frameworks-${CONFIGURATION}-input-files.xcfilelist",
			);
			name = "[CP] Embed Pods Frameworks";
			outputFileListPaths = (
				"${PODS_ROOT}/Target Support Files/Pods-Parstagram/Pods-Parstagram-frameworks-${CONFIGURATION}-output-files.xcfilelist",
			);
			runOnlyForDeploymentPostprocessing = 0;
			shellPath = /bin/sh;
			shellScript = "\"${PODS_ROOT}/Target Support Files/Pods-Parstagram/Pods-Parstagram-frameworks.sh\"\n";
			showEnvVarsInLog = 0;
		};
/* End PBXShellScriptBuildPhase section */

/* Begin PBXSourcesBuildPhase section */
		EF20600525FFCDA200E087D4 /* Sources */ = {
			isa = PBXSourcesBuildPhase;
			buildActionMask = 2147483647;
			files = (
				EF474EF9260277A10044056E /* LoginViewController.swift in Sources */,
				EF474F0626029D920044056E /* CameraViewController.swift in Sources */,
				EF20600D25FFCDA200E087D4 /* AppDelegate.swift in Sources */,
				EF474EFE260277BF0044056E /* FeedViewController.swift in Sources */,
				EF20600F25FFCDA200E087D4 /* SceneDelegate.swift in Sources */,
				EF4D619E2603ACC000197792 /* PostCell.swift in Sources */,
			);
			runOnlyForDeploymentPostprocessing = 0;
		};
		EF20601B25FFCDA600E087D4 /* Sources */ = {
			isa = PBXSourcesBuildPhase;
			buildActionMask = 2147483647;
			files = (
				EF20602425FFCDA600E087D4 /* ParstagramTests.swift in Sources */,
			);
			runOnlyForDeploymentPostprocessing = 0;
		};
		EF20602625FFCDA600E087D4 /* Sources */ = {
			isa = PBXSourcesBuildPhase;
			buildActionMask = 2147483647;
			files = (
				EF20602F25FFCDA600E087D4 /* ParstagramUITests.swift in Sources */,
			);
			runOnlyForDeploymentPostprocessing = 0;
		};
/* End PBXSourcesBuildPhase section */

/* Begin PBXTargetDependency section */
		EF20602125FFCDA600E087D4 /* PBXTargetDependency */ = {
			isa = PBXTargetDependency;
			target = EF20600825FFCDA200E087D4 /* Parstagram */;
			targetProxy = EF20602025FFCDA600E087D4 /* PBXContainerItemProxy */;
		};
		EF20602C25FFCDA600E087D4 /* PBXTargetDependency */ = {
			isa = PBXTargetDependency;
			target = EF20600825FFCDA200E087D4 /* Parstagram */;
			targetProxy = EF20602B25FFCDA600E087D4 /* PBXContainerItemProxy */;
		};
/* End PBXTargetDependency section */

/* Begin PBXVariantGroup section */
		EF20601225FFCDA200E087D4 /* Main.storyboard */ = {
			isa = PBXVariantGroup;
			children = (
				EF20601325FFCDA200E087D4 /* Base */,
			);
			name = Main.storyboard;
			sourceTree = "<group>";
		};
		EF20601725FFCDA600E087D4 /* LaunchScreen.storyboard */ = {
			isa = PBXVariantGroup;
			children = (
				EF20601825FFCDA600E087D4 /* Base */,
			);
			name = LaunchScreen.storyboard;
			sourceTree = "<group>";
		};
/* End PBXVariantGroup section */

/* Begin XCBuildConfiguration section */
		EF20603125FFCDA600E087D4 /* Debug */ = {
			isa = XCBuildConfiguration;
			buildSettings = {
				ALWAYS_SEARCH_USER_PATHS = NO;
				CLANG_ANALYZER_NONNULL = YES;
				CLANG_ANALYZER_NUMBER_OBJECT_CONVERSION = YES_AGGRESSIVE;
				CLANG_CXX_LANGUAGE_STANDARD = "gnu++14";
				CLANG_CXX_LIBRARY = "libc++";
				CLANG_ENABLE_MODULES = YES;
				CLANG_ENABLE_OBJC_ARC = YES;
				CLANG_ENABLE_OBJC_WEAK = YES;
				CLANG_WARN_BLOCK_CAPTURE_AUTORELEASING = YES;
				CLANG_WARN_BOOL_CONVERSION = YES;
				CLANG_WARN_COMMA = YES;
				CLANG_WARN_CONSTANT_CONVERSION = YES;
				CLANG_WARN_DEPRECATED_OBJC_IMPLEMENTATIONS = YES;
				CLANG_WARN_DIRECT_OBJC_ISA_USAGE = YES_ERROR;
				CLANG_WARN_DOCUMENTATION_COMMENTS = YES;
				CLANG_WARN_EMPTY_BODY = YES;
				CLANG_WARN_ENUM_CONVERSION = YES;
				CLANG_WARN_INFINITE_RECURSION = YES;
				CLANG_WARN_INT_CONVERSION = YES;
				CLANG_WARN_NON_LITERAL_NULL_CONVERSION = YES;
				CLANG_WARN_OBJC_IMPLICIT_RETAIN_SELF = YES;
				CLANG_WARN_OBJC_LITERAL_CONVERSION = YES;
				CLANG_WARN_OBJC_ROOT_CLASS = YES_ERROR;
				CLANG_WARN_QUOTED_INCLUDE_IN_FRAMEWORK_HEADER = YES;
				CLANG_WARN_RANGE_LOOP_ANALYSIS = YES;
				CLANG_WARN_STRICT_PROTOTYPES = YES;
				CLANG_WARN_SUSPICIOUS_MOVE = YES;
				CLANG_WARN_UNGUARDED_AVAILABILITY = YES_AGGRESSIVE;
				CLANG_WARN_UNREACHABLE_CODE = YES;
				CLANG_WARN__DUPLICATE_METHOD_MATCH = YES;
				COPY_PHASE_STRIP = NO;
				DEBUG_INFORMATION_FORMAT = dwarf;
				ENABLE_STRICT_OBJC_MSGSEND = YES;
				ENABLE_TESTABILITY = YES;
				GCC_C_LANGUAGE_STANDARD = gnu11;
				GCC_DYNAMIC_NO_PIC = NO;
				GCC_NO_COMMON_BLOCKS = YES;
				GCC_OPTIMIZATION_LEVEL = 0;
				GCC_PREPROCESSOR_DEFINITIONS = (
					"DEBUG=1",
					"$(inherited)",
				);
				GCC_WARN_64_TO_32_BIT_CONVERSION = YES;
				GCC_WARN_ABOUT_RETURN_TYPE = YES_ERROR;
				GCC_WARN_UNDECLARED_SELECTOR = YES;
				GCC_WARN_UNINITIALIZED_AUTOS = YES_AGGRESSIVE;
				GCC_WARN_UNUSED_FUNCTION = YES;
				GCC_WARN_UNUSED_VARIABLE = YES;
				IPHONEOS_DEPLOYMENT_TARGET = 14.3;
				MTL_ENABLE_DEBUG_INFO = INCLUDE_SOURCE;
				MTL_FAST_MATH = YES;
				ONLY_ACTIVE_ARCH = YES;
				SDKROOT = iphoneos;
				SWIFT_ACTIVE_COMPILATION_CONDITIONS = DEBUG;
				SWIFT_OPTIMIZATION_LEVEL = "-Onone";
			};
			name = Debug;
		};
		EF20603225FFCDA600E087D4 /* Release */ = {
			isa = XCBuildConfiguration;
			buildSettings = {
				ALWAYS_SEARCH_USER_PATHS = NO;
				CLANG_ANALYZER_NONNULL = YES;
				CLANG_ANALYZER_NUMBER_OBJECT_CONVERSION = YES_AGGRESSIVE;
				CLANG_CXX_LANGUAGE_STANDARD = "gnu++14";
				CLANG_CXX_LIBRARY = "libc++";
				CLANG_ENABLE_MODULES = YES;
				CLANG_ENABLE_OBJC_ARC = YES;
				CLANG_ENABLE_OBJC_WEAK = YES;
				CLANG_WARN_BLOCK_CAPTURE_AUTORELEASING = YES;
				CLANG_WARN_BOOL_CONVERSION = YES;
				CLANG_WARN_COMMA = YES;
				CLANG_WARN_CONSTANT_CONVERSION = YES;
				CLANG_WARN_DEPRECATED_OBJC_IMPLEMENTATIONS = YES;
				CLANG_WARN_DIRECT_OBJC_ISA_USAGE = YES_ERROR;
				CLANG_WARN_DOCUMENTATION_COMMENTS = YES;
				CLANG_WARN_EMPTY_BODY = YES;
				CLANG_WARN_ENUM_CONVERSION = YES;
				CLANG_WARN_INFINITE_RECURSION = YES;
				CLANG_WARN_INT_CONVERSION = YES;
				CLANG_WARN_NON_LITERAL_NULL_CONVERSION = YES;
				CLANG_WARN_OBJC_IMPLICIT_RETAIN_SELF = YES;
				CLANG_WARN_OBJC_LITERAL_CONVERSION = YES;
				CLANG_WARN_OBJC_ROOT_CLASS = YES_ERROR;
				CLANG_WARN_QUOTED_INCLUDE_IN_FRAMEWORK_HEADER = YES;
				CLANG_WARN_RANGE_LOOP_ANALYSIS = YES;
				CLANG_WARN_STRICT_PROTOTYPES = YES;
				CLANG_WARN_SUSPICIOUS_MOVE = YES;
				CLANG_WARN_UNGUARDED_AVAILABILITY = YES_AGGRESSIVE;
				CLANG_WARN_UNREACHABLE_CODE = YES;
				CLANG_WARN__DUPLICATE_METHOD_MATCH = YES;
				COPY_PHASE_STRIP = NO;
				DEBUG_INFORMATION_FORMAT = "dwarf-with-dsym";
				ENABLE_NS_ASSERTIONS = NO;
				ENABLE_STRICT_OBJC_MSGSEND = YES;
				GCC_C_LANGUAGE_STANDARD = gnu11;
				GCC_NO_COMMON_BLOCKS = YES;
				GCC_WARN_64_TO_32_BIT_CONVERSION = YES;
				GCC_WARN_ABOUT_RETURN_TYPE = YES_ERROR;
				GCC_WARN_UNDECLARED_SELECTOR = YES;
				GCC_WARN_UNINITIALIZED_AUTOS = YES_AGGRESSIVE;
				GCC_WARN_UNUSED_FUNCTION = YES;
				GCC_WARN_UNUSED_VARIABLE = YES;
				IPHONEOS_DEPLOYMENT_TARGET = 14.3;
				MTL_ENABLE_DEBUG_INFO = NO;
				MTL_FAST_MATH = YES;
				SDKROOT = iphoneos;
				SWIFT_COMPILATION_MODE = wholemodule;
				SWIFT_OPTIMIZATION_LEVEL = "-O";
				VALIDATE_PRODUCT = YES;
			};
			name = Release;
		};
		EF20603425FFCDA600E087D4 /* Debug */ = {
			isa = XCBuildConfiguration;
			baseConfigurationReference = 367D6F1B17A541D379EA8D80 /* Pods-Parstagram.debug.xcconfig */;
			buildSettings = {
				ALWAYS_EMBED_SWIFT_STANDARD_LIBRARIES = "$(inherited)";
				ASSETCATALOG_COMPILER_GLOBAL_ACCENT_COLOR_NAME = AccentColor;
				BUILD_LIBRARY_FOR_DISTRIBUTION = NO;
				CODE_SIGN_STYLE = Automatic;
				DEVELOPMENT_TEAM = QKAQ65RC9F;
				INFOPLIST_FILE = Parstagram/Info.plist;
				LD_RUNPATH_SEARCH_PATHS = (
					"$(inherited)",
					"@executable_path/Frameworks",
				);
				PRODUCT_BUNDLE_IDENTIFIER = memo.com.Parstagram;
				PRODUCT_NAME = "$(TARGET_NAME)";
				SWIFT_VERSION = 5.0;
				TARGETED_DEVICE_FAMILY = "1,2";
			};
			name = Debug;
		};
		EF20603525FFCDA600E087D4 /* Release */ = {
			isa = XCBuildConfiguration;
			baseConfigurationReference = 7FA7522B7B5B799867FCF436 /* Pods-Parstagram.release.xcconfig */;
			buildSettings = {
				ALWAYS_EMBED_SWIFT_STANDARD_LIBRARIES = "$(inherited)";
				ASSETCATALOG_COMPILER_GLOBAL_ACCENT_COLOR_NAME = AccentColor;
				BUILD_LIBRARY_FOR_DISTRIBUTION = NO;
				CODE_SIGN_STYLE = Automatic;
				DEVELOPMENT_TEAM = QKAQ65RC9F;
				INFOPLIST_FILE = Parstagram/Info.plist;
				LD_RUNPATH_SEARCH_PATHS = (
					"$(inherited)",
					"@executable_path/Frameworks",
				);
				PRODUCT_BUNDLE_IDENTIFIER = memo.com.Parstagram;
				PRODUCT_NAME = "$(TARGET_NAME)";
				SWIFT_VERSION = 5.0;
				TARGETED_DEVICE_FAMILY = "1,2";
			};
			name = Release;
		};
		EF20603725FFCDA600E087D4 /* Debug */ = {
			isa = XCBuildConfiguration;
			baseConfigurationReference = 5D9AF511ED6F27B0F3F347A1 /* Pods-ParstagramTests.debug.xcconfig */;
			buildSettings = {
				ALWAYS_EMBED_SWIFT_STANDARD_LIBRARIES = YES;
				BUNDLE_LOADER = "$(TEST_HOST)";
				CODE_SIGN_STYLE = Automatic;
				DEVELOPMENT_TEAM = QKAQ65RC9F;
				INFOPLIST_FILE = ParstagramTests/Info.plist;
				IPHONEOS_DEPLOYMENT_TARGET = 14.3;
				LD_RUNPATH_SEARCH_PATHS = (
					"$(inherited)",
					"@executable_path/Frameworks",
					"@loader_path/Frameworks",
				);
				PRODUCT_BUNDLE_IDENTIFIER = memo.com.ParstagramTests;
				PRODUCT_NAME = "$(TARGET_NAME)";
				SWIFT_VERSION = 5.0;
				TARGETED_DEVICE_FAMILY = "1,2";
				TEST_HOST = "$(BUILT_PRODUCTS_DIR)/Parstagram.app/Parstagram";
			};
			name = Debug;
		};
		EF20603825FFCDA600E087D4 /* Release */ = {
			isa = XCBuildConfiguration;
			baseConfigurationReference = 702D0CB08F8F8100AD4D1B05 /* Pods-ParstagramTests.release.xcconfig */;
			buildSettings = {
				ALWAYS_EMBED_SWIFT_STANDARD_LIBRARIES = YES;
				BUNDLE_LOADER = "$(TEST_HOST)";
				CODE_SIGN_STYLE = Automatic;
				DEVELOPMENT_TEAM = QKAQ65RC9F;
				INFOPLIST_FILE = ParstagramTests/Info.plist;
				IPHONEOS_DEPLOYMENT_TARGET = 14.3;
				LD_RUNPATH_SEARCH_PATHS = (
					"$(inherited)",
					"@executable_path/Frameworks",
					"@loader_path/Frameworks",
				);
				PRODUCT_BUNDLE_IDENTIFIER = memo.com.ParstagramTests;
				PRODUCT_NAME = "$(TARGET_NAME)";
				SWIFT_VERSION = 5.0;
				TARGETED_DEVICE_FAMILY = "1,2";
				TEST_HOST = "$(BUILT_PRODUCTS_DIR)/Parstagram.app/Parstagram";
			};
			name = Release;
		};
		EF20603A25FFCDA600E087D4 /* Debug */ = {
			isa = XCBuildConfiguration;
			baseConfigurationReference = 2464C3DDF87781CCC7D8DA18 /* Pods-Parstagram-ParstagramUITests.debug.xcconfig */;
			buildSettings = {
				ALWAYS_EMBED_SWIFT_STANDARD_LIBRARIES = YES;
				CODE_SIGN_STYLE = Automatic;
				DEVELOPMENT_TEAM = QKAQ65RC9F;
				INFOPLIST_FILE = ParstagramUITests/Info.plist;
				LD_RUNPATH_SEARCH_PATHS = (
					"$(inherited)",
					"@executable_path/Frameworks",
					"@loader_path/Frameworks",
				);
				PRODUCT_BUNDLE_IDENTIFIER = memo.com.ParstagramUITests;
				PRODUCT_NAME = "$(TARGET_NAME)";
				SWIFT_VERSION = 5.0;
				TARGETED_DEVICE_FAMILY = "1,2";
				TEST_TARGET_NAME = Parstagram;
			};
			name = Debug;
		};
		EF20603B25FFCDA600E087D4 /* Release */ = {
			isa = XCBuildConfiguration;
			baseConfigurationReference = 36EE2BC54D937967E0DA424B /* Pods-Parstagram-ParstagramUITests.release.xcconfig */;
			buildSettings = {
				ALWAYS_EMBED_SWIFT_STANDARD_LIBRARIES = YES;
				CODE_SIGN_STYLE = Automatic;
				DEVELOPMENT_TEAM = QKAQ65RC9F;
				INFOPLIST_FILE = ParstagramUITests/Info.plist;
				LD_RUNPATH_SEARCH_PATHS = (
					"$(inherited)",
					"@executable_path/Frameworks",
					"@loader_path/Frameworks",
				);
				PRODUCT_BUNDLE_IDENTIFIER = memo.com.ParstagramUITests;
				PRODUCT_NAME = "$(TARGET_NAME)";
				SWIFT_VERSION = 5.0;
				TARGETED_DEVICE_FAMILY = "1,2";
				TEST_TARGET_NAME = Parstagram;
			};
			name = Release;
		};
/* End XCBuildConfiguration section */

/* Begin XCConfigurationList section */
		EF20600425FFCDA200E087D4 /* Build configuration list for PBXProject "Parstagram" */ = {
			isa = XCConfigurationList;
			buildConfigurations = (
				EF20603125FFCDA600E087D4 /* Debug */,
				EF20603225FFCDA600E087D4 /* Release */,
			);
			defaultConfigurationIsVisible = 0;
			defaultConfigurationName = Release;
		};
		EF20603325FFCDA600E087D4 /* Build configuration list for PBXNativeTarget "Parstagram" */ = {
			isa = XCConfigurationList;
			buildConfigurations = (
				EF20603425FFCDA600E087D4 /* Debug */,
				EF20603525FFCDA600E087D4 /* Release */,
			);
			defaultConfigurationIsVisible = 0;
			defaultConfigurationName = Release;
		};
		EF20603625FFCDA600E087D4 /* Build configuration list for PBXNativeTarget "ParstagramTests" */ = {
			isa = XCConfigurationList;
			buildConfigurations = (
				EF20603725FFCDA600E087D4 /* Debug */,
				EF20603825FFCDA600E087D4 /* Release */,
			);
			defaultConfigurationIsVisible = 0;
			defaultConfigurationName = Release;
		};
		EF20603925FFCDA600E087D4 /* Build configuration list for PBXNativeTarget "ParstagramUITests" */ = {
			isa = XCConfigurationList;
			buildConfigurations = (
				EF20603A25FFCDA600E087D4 /* Debug */,
				EF20603B25FFCDA600E087D4 /* Release */,
			);
			defaultConfigurationIsVisible = 0;
			defaultConfigurationName = Release;
		};
/* End XCConfigurationList section */
	};
	rootObject = EF20600125FFCDA200E087D4 /* Project object */;
}
